
Microsoft Visual Studio Solution File, Format Version 12.00
# Visual Studio Version 17
VisualStudioVersion = 17.12.35728.132 d17.12
MinimumVisualStudioVersion = 10.0.40219.1
Project("{FAE04EC0-301F-11D3-BF4B-00C04F79EFBC}") = "Toodle.CommonExtensions", "Toodle.CommonExtensions\Toodle.CommonExtensions.csproj", "{BEB51FBD-9F2D-4CD5-AABF-EC0093E10702}"
EndProject
Project("{2150E333-8FDC-42A3-9474-1A3956D46DE8}") = "Solution Items", "Solution Items", "{922F0116-75EB-4C00-94A8-6DBC66CDDB8E}"
	ProjectSection(SolutionItems) = preProject
		README.md = README.md
	EndProjectSection
EndProject
Project("{FAE04EC0-301F-11D3-BF4B-00C04F79EFBC}") = "Toodle.CommonExtensions.Tests", "Toodle.CommonExtensions.Tests\Toodle.CommonExtensions.Tests.csproj", "{C9A5B6B4-4F29-4367-9689-96C17E12AE14}"
EndProject
Global
	GlobalSection(SolutionConfigurationPlatforms) = preSolution
		Debug|Any CPU = Debug|Any CPU
		Release|Any CPU = Release|Any CPU
	EndGlobalSection
	GlobalSection(ProjectConfigurationPlatforms) = postSolution
		{BEB51FBD-9F2D-4CD5-AABF-EC0093E10702}.Debug|Any CPU.ActiveCfg = Debug|Any CPU
		{BEB51FBD-9F2D-4CD5-AABF-EC0093E10702}.Debug|Any CPU.Build.0 = Debug|Any CPU
		{BEB51FBD-9F2D-4CD5-AABF-EC0093E10702}.Release|Any CPU.ActiveCfg = Release|Any CPU
		{BEB51FBD-9F2D-4CD5-AABF-EC0093E10702}.Release|Any CPU.Build.0 = Release|Any CPU
		{C9A5B6B4-4F29-4367-9689-96C17E12AE14}.Debug|Any CPU.ActiveCfg = Debug|Any CPU
		{C9A5B6B4-4F29-4367-9689-96C17E12AE14}.Debug|Any CPU.Build.0 = Debug|Any CPU
		{C9A5B6B4-4F29-4367-9689-96C17E12AE14}.Release|Any CPU.ActiveCfg = Release|Any CPU
		{C9A5B6B4-4F29-4367-9689-96C17E12AE14}.Release|Any CPU.Build.0 = Release|Any CPU
	EndGlobalSection
	GlobalSection(SolutionProperties) = preSolution
		HideSolutionNode = FALSE
	EndGlobalSection
EndGlobal
